
Microsoft Visual Studio Solution File, Format Version 12.00
# Visual Studio Version 17
VisualStudioVersion = 17.11.35219.272
MinimumVisualStudioVersion = 10.0.40219.1
Project("{FAE04EC0-301F-11D3-BF4B-00C04F79EFBC}") = "Interfaces Practica 2", "Interfaces Practica 2.csproj", "{798FCDAD-6CD3-44A0-A10B-9926F2144607}"
EndProject
Global
	GlobalSection(SolutionConfigurationPlatforms) = preSolution
		Debug|Any CPU = Debug|Any CPU
		Release|Any CPU = Release|Any CPU
	EndGlobalSection
	GlobalSection(ProjectConfigurationPlatforms) = postSolution
		{798FCDAD-6CD3-44A0-A10B-9926F2144607}.Debug|Any CPU.ActiveCfg = Debug|Any CPU
		{798FCDAD-6CD3-44A0-A10B-9926F2144607}.Debug|Any CPU.Build.0 = Debug|Any CPU
		{798FCDAD-6CD3-44A0-A10B-9926F2144607}.Release|Any CPU.ActiveCfg = Release|Any CPU
		{798FCDAD-6CD3-44A0-A10B-9926F2144607}.Release|Any CPU.Build.0 = Release|Any CPU
	EndGlobalSection
	GlobalSection(SolutionProperties) = preSolution
		HideSolutionNode = FALSE
	EndGlobalSection
	GlobalSection(ExtensibilityGlobals) = postSolution
		SolutionGuid = {8BCFF0B2-66FC-43EE-9BC9-1100D61C66B0}
	EndGlobalSection
EndGlobal
